
Microsoft Visual Studio Solution File, Format Version 12.00
# Visual Studio Version 16
VisualStudioVersion = 16.0.30717.126
MinimumVisualStudioVersion = 10.0.40219.1
Project("{FAE04EC0-301F-11D3-BF4B-00C04F79EFBC}") = "LoopHomeWork", "ConsoleUI\LoopHomeWork.csproj", "{18DB3818-067F-4522-90A9-89747D1DCB5B}"
EndProject
Project("{FAE04EC0-301F-11D3-BF4B-00C04F79EFBC}") = "ArrayHomework", "ArrayHomework\ArrayHomework.csproj", "{423B1B29-BDC5-4EBB-A84B-C5DD701B461F}"
EndProject
Project("{FAE04EC0-301F-11D3-BF4B-00C04F79EFBC}") = "ListHomework", "ListHomework\ListHomework.csproj", "{C72096A0-261D-4B2F-981F-2214E66FC982}"
EndProject
Global
	GlobalSection(SolutionConfigurationPlatforms) = preSolution
		Debug|Any CPU = Debug|Any CPU
		Release|Any CPU = Release|Any CPU
	EndGlobalSection
	GlobalSection(ProjectConfigurationPlatforms) = postSolution
		{18DB3818-067F-4522-90A9-89747D1DCB5B}.Debug|Any CPU.ActiveCfg = Debug|Any CPU
		{18DB3818-067F-4522-90A9-89747D1DCB5B}.Debug|Any CPU.Build.0 = Debug|Any CPU
		{18DB3818-067F-4522-90A9-89747D1DCB5B}.Release|Any CPU.ActiveCfg = Release|Any CPU
		{18DB3818-067F-4522-90A9-89747D1DCB5B}.Release|Any CPU.Build.0 = Release|Any CPU
		{423B1B29-BDC5-4EBB-A84B-C5DD701B461F}.Debug|Any CPU.ActiveCfg = Debug|Any CPU
		{423B1B29-BDC5-4EBB-A84B-C5DD701B461F}.Debug|Any CPU.Build.0 = Debug|Any CPU
		{423B1B29-BDC5-4EBB-A84B-C5DD701B461F}.Release|Any CPU.ActiveCfg = Release|Any CPU
		{423B1B29-BDC5-4EBB-A84B-C5DD701B461F}.Release|Any CPU.Build.0 = Release|Any CPU
		{C72096A0-261D-4B2F-981F-2214E66FC982}.Debug|Any CPU.ActiveCfg = Debug|Any CPU
		{C72096A0-261D-4B2F-981F-2214E66FC982}.Debug|Any CPU.Build.0 = Debug|Any CPU
		{C72096A0-261D-4B2F-981F-2214E66FC982}.Release|Any CPU.ActiveCfg = Release|Any CPU
		{C72096A0-261D-4B2F-981F-2214E66FC982}.Release|Any CPU.Build.0 = Release|Any CPU
	EndGlobalSection
	GlobalSection(SolutionProperties) = preSolution
		HideSolutionNode = FALSE
	EndGlobalSection
	GlobalSection(ExtensibilityGlobals) = postSolution
		SolutionGuid = {3FFD090B-18E5-4A6E-A931-B6BC2DFA079E}
	EndGlobalSection
EndGlobal
